
Microsoft Visual Studio Solution File, Format Version 12.00
# Visual Studio Version 16
VisualStudioVersion = 16.0.29409.12
MinimumVisualStudioVersion = 10.0.40219.1
Project("{FAE04EC0-301F-11D3-BF4B-00C04F79EFBC}") = "DecisionMakerApp", "DecisionMakerApp\DecisionMakerApp.csproj", "{CC1066FA-1C02-4C11-93FF-F662781B98E7}"
EndProject
Global
	GlobalSection(SolutionConfigurationPlatforms) = preSolution
		Debug|Any CPU = Debug|Any CPU
		Release|Any CPU = Release|Any CPU
	EndGlobalSection
	GlobalSection(ProjectConfigurationPlatforms) = postSolution
		{CC1066FA-1C02-4C11-93FF-F662781B98E7}.Debug|Any CPU.ActiveCfg = Debug|Any CPU
		{CC1066FA-1C02-4C11-93FF-F662781B98E7}.Debug|Any CPU.Build.0 = Debug|Any CPU
		{CC1066FA-1C02-4C11-93FF-F662781B98E7}.Release|Any CPU.ActiveCfg = Release|Any CPU
		{CC1066FA-1C02-4C11-93FF-F662781B98E7}.Release|Any CPU.Build.0 = Release|Any CPU
	EndGlobalSection
	GlobalSection(SolutionProperties) = preSolution
		HideSolutionNode = FALSE
	EndGlobalSection
	GlobalSection(ExtensibilityGlobals) = postSolution
		SolutionGuid = {BA6BE336-EB7C-4862-BFFD-60E8F9F0DC3A}
	EndGlobalSection
EndGlobal
